
Microsoft Visual Studio Solution File, Format Version 12.00
# Visual Studio 15
Project("{FAE04EC0-301F-11D3-BF4B-00C04F79EFBC}") = "SFF", "SFF\SFF.csproj", "{099C661B-5E72-4B7A-A072-D16117AD3494}"
EndProject
Global
	GlobalSection(SolutionConfigurationPlatforms) = preSolution
		Debug|Any CPU = Debug|Any CPU
		Release|Any CPU = Release|Any CPU
	EndGlobalSection
	GlobalSection(ProjectConfigurationPlatforms) = postSolution
		{099C661B-5E72-4B7A-A072-D16117AD3494}.Debug|Any CPU.ActiveCfg = Debug|Any CPU
		{099C661B-5E72-4B7A-A072-D16117AD3494}.Debug|Any CPU.Build.0 = Debug|Any CPU
		{099C661B-5E72-4B7A-A072-D16117AD3494}.Release|Any CPU.ActiveCfg = Release|Any CPU
		{099C661B-5E72-4B7A-A072-D16117AD3494}.Release|Any CPU.Build.0 = Release|Any CPU
	EndGlobalSection
EndGlobal
